<?xml version="1.0" encoding="utf-8"?>
<Project ToolsVersion="4.0" xmlns="http://schemas.microsoft.com/developer/msbuild/2003">
  <ItemGroup>
    <Filter Include="Header Files">
      <UniqueIdentifier>{3dfd9859-428b-4af1-82c1-a220b7a133b7}</UniqueIdentifier>
    </Filter>
    <Filter Include="Resource Files">
      <UniqueIdentifier>{ed10fe68-9c8c-4cc6-b591-bc01935ca4f8}</UniqueIdentifier>
    </Filter>
    <Filter Include="Source Files">
      <UniqueIdentifier>{44d4542d-9c71-43d5-a527-469c0cb264f9}</UniqueIdentifier>
    </Filter>
  </ItemGroup>
  <ItemGroup>
    <ClCompile Include="src\Application.cpp" />
  </ItemGroup>
  <ItemGroup>
    <None Include="res\shaders\Basic.shader" />
  </ItemGroup>
</Project>